<?php

/**
* Author : Dream <34650064@QQ.com>
* Encoding : UTF-8 
* File Name : installed.lock
** Create Date : 2016-6-25  21:34:40
* Version : 0.1
* Copyright : MinSuWa Project Team Copyright (C)
* Email Address : yxly330@126.com
* Llink http://www.iklfy.com 
* license http://creativecommons.org/licenses/by-nc-sa/4.0/deed.zh
*/
